
Microsoft Visual Studio Solution File, Format Version 12.00
# Visual Studio Version 17
VisualStudioVersion = 17.13.35931.197 d17.13
MinimumVisualStudioVersion = 10.0.40219.1
Project("{FAE04EC0-301F-11D3-BF4B-00C04F79EFBC}") = "SkipLogin", "SkipLogin.csproj", "{5AB57A9F-22F5-43DE-B2B8-44812F5B2A0E}"
EndProject
Global
	GlobalSection(SolutionConfigurationPlatforms) = preSolution
		Debug|Any CPU = Debug|Any CPU
		Release|Any CPU = Release|Any CPU
	EndGlobalSection
	GlobalSection(ProjectConfigurationPlatforms) = postSolution
		{5AB57A9F-22F5-43DE-B2B8-44812F5B2A0E}.Debug|Any CPU.ActiveCfg = Debug|Any CPU
		{5AB57A9F-22F5-43DE-B2B8-44812F5B2A0E}.Debug|Any CPU.Build.0 = Debug|Any CPU
		{5AB57A9F-22F5-43DE-B2B8-44812F5B2A0E}.Release|Any CPU.ActiveCfg = Release|Any CPU
		{5AB57A9F-22F5-43DE-B2B8-44812F5B2A0E}.Release|Any CPU.Build.0 = Release|Any CPU
	EndGlobalSection
	GlobalSection(SolutionProperties) = preSolution
		HideSolutionNode = FALSE
	EndGlobalSection
	GlobalSection(ExtensibilityGlobals) = postSolution
		SolutionGuid = {41A04A39-A194-4EDD-A87A-8EA9097EC3C9}
	EndGlobalSection
EndGlobal
